// !$*UTF8*$!
{
	archiveVersion = 1;
	classes = {
	};
	objectVersion = 56;
	objects = {

/* Begin PBXBuildFile section */
		AD922EE0290F82110014EEFE /* FilterCVCell.swift in Sources */ = {isa = PBXBuildFile; fileRef = AD922EDF290F82110014EEFE /* FilterCVCell.swift */; };
		AD922EE2290F83CB0014EEFE /* ViewController+FilterSelection.swift in Sources */ = {isa = PBXBuildFile; fileRef = AD922EE1290F83CB0014EEFE /* ViewController+FilterSelection.swift */; };
		ADD6E02929015DB500604039 /* libgpu_image4.a in Frameworks */ = {isa = PBXBuildFile; fileRef = ADD6E02829015DB500604039 /* libgpu_image4.a */; };
		ADD6E04329023D4B00604039 /* CameraSessionTypes.swift in Sources */ = {isa = PBXBuildFile; fileRef = ADD6E04029023D4B00604039 /* CameraSessionTypes.swift */; };
		ADD6E04529023D4B00604039 /* CameraSession.swift in Sources */ = {isa = PBXBuildFile; fileRef = ADD6E04229023D4B00604039 /* CameraSession.swift */; };
		ADEE4C952901532000C84A32 /* AppDelegate.swift in Sources */ = {isa = PBXBuildFile; fileRef = ADEE4C942901532000C84A32 /* AppDelegate.swift */; };
		ADEE4C972901532000C84A32 /* SceneDelegate.swift in Sources */ = {isa = PBXBuildFile; fileRef = ADEE4C962901532000C84A32 /* SceneDelegate.swift */; };
		ADEE4C992901532000C84A32 /* ViewController.swift in Sources */ = {isa = PBXBuildFile; fileRef = ADEE4C982901532000C84A32 /* ViewController.swift */; };
		ADEE4C9C2901532100C84A32 /* Main.storyboard in Resources */ = {isa = PBXBuildFile; fileRef = ADEE4C9A2901532100C84A32 /* Main.storyboard */; };
		ADEE4C9E2901532100C84A32 /* Assets.xcassets in Resources */ = {isa = PBXBuildFile; fileRef = ADEE4C9D2901532100C84A32 /* Assets.xcassets */; };
		ADEE4CA12901532100C84A32 /* LaunchScreen.storyboard in Resources */ = {isa = PBXBuildFile; fileRef = ADEE4C9F2901532100C84A32 /* LaunchScreen.storyboard */; };
		ADEE4CAD290153A100C84A32 /* MetalView.swift in Sources */ = {isa = PBXBuildFile; fileRef = ADEE4CAB290153A100C84A32 /* MetalView.swift */; };
/* End PBXBuildFile section */

/* Begin PBXFileReference section */
		AD922EDF290F82110014EEFE /* FilterCVCell.swift */ = {isa = PBXFileReference; lastKnownFileType = sourcecode.swift; path = FilterCVCell.swift; sourceTree = "<group>"; };
		AD922EE1290F83CB0014EEFE /* ViewController+FilterSelection.swift */ = {isa = PBXFileReference; lastKnownFileType = sourcecode.swift; path = "ViewController+FilterSelection.swift"; sourceTree = "<group>"; };
		ADD6E02829015DB500604039 /* libgpu_image4.a */ = {isa = PBXFileReference; lastKnownFileType = archive.ar; name = libgpu_image4.a; path = "../target/aarch64-apple-ios/debug/libgpu_image4.a"; sourceTree = "<group>"; };
		ADD6E04029023D4B00604039 /* CameraSessionTypes.swift */ = {isa = PBXFileReference; fileEncoding = 4; lastKnownFileType = sourcecode.swift; path = CameraSessionTypes.swift; sourceTree = "<group>"; };
		ADD6E04229023D4B00604039 /* CameraSession.swift */ = {isa = PBXFileReference; fileEncoding = 4; lastKnownFileType = sourcecode.swift; path = CameraSession.swift; sourceTree = "<group>"; };
		ADEE4C912901532000C84A32 /* GPUImage4.app */ = {isa = PBXFileReference; explicitFileType = wrapper.application; includeInIndex = 0; path = GPUImage4.app; sourceTree = BUILT_PRODUCTS_DIR; };
		ADEE4C942901532000C84A32 /* AppDelegate.swift */ = {isa = PBXFileReference; lastKnownFileType = sourcecode.swift; path = AppDelegate.swift; sourceTree = "<group>"; };
		ADEE4C962901532000C84A32 /* SceneDelegate.swift */ = {isa = PBXFileReference; lastKnownFileType = sourcecode.swift; path = SceneDelegate.swift; sourceTree = "<group>"; };
		ADEE4C982901532000C84A32 /* ViewController.swift */ = {isa = PBXFileReference; lastKnownFileType = sourcecode.swift; path = ViewController.swift; sourceTree = "<group>"; };
		ADEE4C9B2901532100C84A32 /* Base */ = {isa = PBXFileReference; lastKnownFileType = file.storyboard; name = Base; path = Base.lproj/Main.storyboard; sourceTree = "<group>"; };
		ADEE4C9D2901532100C84A32 /* Assets.xcassets */ = {isa = PBXFileReference; lastKnownFileType = folder.assetcatalog; path = Assets.xcassets; sourceTree = "<group>"; };
		ADEE4CA02901532100C84A32 /* Base */ = {isa = PBXFileReference; lastKnownFileType = file.storyboard; name = Base; path = Base.lproj/LaunchScreen.storyboard; sourceTree = "<group>"; };
		ADEE4CA22901532100C84A32 /* Info.plist */ = {isa = PBXFileReference; lastKnownFileType = text.plist.xml; path = Info.plist; sourceTree = "<group>"; };
		ADEE4CAA290153A100C84A32 /* libgpu_image4.h */ = {isa = PBXFileReference; fileEncoding = 4; lastKnownFileType = sourcecode.c.h; path = libgpu_image4.h; sourceTree = "<group>"; };
		ADEE4CAB290153A100C84A32 /* MetalView.swift */ = {isa = PBXFileReference; fileEncoding = 4; lastKnownFileType = sourcecode.swift; path = MetalView.swift; sourceTree = "<group>"; };
		ADEE4CAC290153A100C84A32 /* GPUImage4-Bridging-Header.h */ = {isa = PBXFileReference; fileEncoding = 4; lastKnownFileType = sourcecode.c.h; path = "GPUImage4-Bridging-Header.h"; sourceTree = "<group>"; };
/* End PBXFileReference section */

/* Begin PBXFrameworksBuildPhase section */
		ADEE4C8E2901532000C84A32 /* Frameworks */ = {
			isa = PBXFrameworksBuildPhase;
			buildActionMask = 2147483647;
			files = (
				ADD6E02929015DB500604039 /* libgpu_image4.a in Frameworks */,
			);
			runOnlyForDeploymentPostprocessing = 0;
		};
/* End PBXFrameworksBuildPhase section */

/* Begin PBXGroup section */
		ADD6E03F29023D1700604039 /* camera */ = {
			isa = PBXGroup;
			children = (
				ADD6E04229023D4B00604039 /* CameraSession.swift */,
				ADD6E04029023D4B00604039 /* CameraSessionTypes.swift */,
			);
			path = camera;
			sourceTree = "<group>";
		};
		ADEE4C882901532000C84A32 = {
			isa = PBXGroup;
			children = (
				ADEE4C932901532000C84A32 /* GPUImage4 */,
				ADEE4C922901532000C84A32 /* Products */,
				ADEE4CA82901533800C84A32 /* Frameworks */,
			);
			sourceTree = "<group>";
		};
		ADEE4C922901532000C84A32 /* Products */ = {
			isa = PBXGroup;
			children = (
				ADEE4C912901532000C84A32 /* GPUImage4.app */,
			);
			name = Products;
			sourceTree = "<group>";
		};
		ADEE4C932901532000C84A32 /* GPUImage4 */ = {
			isa = PBXGroup;
			children = (
				ADEE4C942901532000C84A32 /* AppDelegate.swift */,
				ADEE4C962901532000C84A32 /* SceneDelegate.swift */,
				ADEE4C982901532000C84A32 /* ViewController.swift */,
				AD922EE1290F83CB0014EEFE /* ViewController+FilterSelection.swift */,
				AD922EDF290F82110014EEFE /* FilterCVCell.swift */,
				ADD6E03F29023D1700604039 /* camera */,
				ADEE4CAC290153A100C84A32 /* GPUImage4-Bridging-Header.h */,
				ADEE4CAA290153A100C84A32 /* libgpu_image4.h */,
				ADEE4CAB290153A100C84A32 /* MetalView.swift */,
				ADEE4C9A2901532100C84A32 /* Main.storyboard */,
				ADEE4C9D2901532100C84A32 /* Assets.xcassets */,
				ADEE4C9F2901532100C84A32 /* LaunchScreen.storyboard */,
				ADEE4CA22901532100C84A32 /* Info.plist */,
			);
			path = GPUImage4;
			sourceTree = "<group>";
		};
		ADEE4CA82901533800C84A32 /* Frameworks */ = {
			isa = PBXGroup;
			children = (
				ADD6E02829015DB500604039 /* libgpu_image4.a */,
			);
			name = Frameworks;
			sourceTree = "<group>";
		};
/* End PBXGroup section */

/* Begin PBXNativeTarget section */
		ADEE4C902901532000C84A32 /* GPUImage4 */ = {
			isa = PBXNativeTarget;
			buildConfigurationList = ADEE4CA52901532100C84A32 /* Build configuration list for PBXNativeTarget "GPUImage4" */;
			buildPhases = (
				ADEE4C8D2901532000C84A32 /* Sources */,
				ADEE4C8E2901532000C84A32 /* Frameworks */,
				ADEE4C8F2901532000C84A32 /* Resources */,
			);
			buildRules = (
			);
			dependencies = (
			);
			name = GPUImage4;
			productName = GPUImage4;
			productReference = ADEE4C912901532000C84A32 /* GPUImage4.app */;
			productType = "com.apple.product-type.application";
		};
/* End PBXNativeTarget section */

/* Begin PBXProject section */
		ADEE4C892901532000C84A32 /* Project object */ = {
			isa = PBXProject;
			attributes = {
				BuildIndependentTargetsInParallel = 1;
				LastSwiftUpdateCheck = 1400;
				LastUpgradeCheck = 1400;
				TargetAttributes = {
					ADEE4C902901532000C84A32 = {
						CreatedOnToolsVersion = 14.0.1;
					};
				};
			};
			buildConfigurationList = ADEE4C8C2901532000C84A32 /* Build configuration list for PBXProject "GPUImage4" */;
			compatibilityVersion = "Xcode 14.0";
			developmentRegion = en;
			hasScannedForEncodings = 0;
			knownRegions = (
				en,
				Base,
			);
			mainGroup = ADEE4C882901532000C84A32;
			productRefGroup = ADEE4C922901532000C84A32 /* Products */;
			projectDirPath = "";
			projectRoot = "";
			targets = (
				ADEE4C902901532000C84A32 /* GPUImage4 */,
			);
		};
/* End PBXProject section */

/* Begin PBXResourcesBuildPhase section */
		ADEE4C8F2901532000C84A32 /* Resources */ = {
			isa = PBXResourcesBuildPhase;
			buildActionMask = 2147483647;
			files = (
				ADEE4CA12901532100C84A32 /* LaunchScreen.storyboard in Resources */,
				ADEE4C9E2901532100C84A32 /* Assets.xcassets in Resources */,
				ADEE4C9C2901532100C84A32 /* Main.storyboard in Resources */,
			);
			runOnlyForDeploymentPostprocessing = 0;
		};
/* End PBXResourcesBuildPhase section */

/* Begin PBXSourcesBuildPhase section */
		ADEE4C8D2901532000C84A32 /* Sources */ = {
			isa = PBXSourcesBuildPhase;
			buildActionMask = 2147483647;
			files = (
				ADEE4CAD290153A100C84A32 /* MetalView.swift in Sources */,
				ADD6E04529023D4B00604039 /* CameraSession.swift in Sources */,
				ADD6E04329023D4B00604039 /* CameraSessionTypes.swift in Sources */,
				ADEE4C992901532000C84A32 /* ViewController.swift in Sources */,
				AD922EE0290F82110014EEFE /* FilterCVCell.swift in Sources */,
				ADEE4C952901532000C84A32 /* AppDelegate.swift in Sources */,
				ADEE4C972901532000C84A32 /* SceneDelegate.swift in Sources */,
				AD922EE2290F83CB0014EEFE /* ViewController+FilterSelection.swift in Sources */,
			);
			runOnlyForDeploymentPostprocessing = 0;
		};
/* End PBXSourcesBuildPhase section */

/* Begin PBXVariantGroup section */
		ADEE4C9A2901532100C84A32 /* Main.storyboard */ = {
			isa = PBXVariantGroup;
			children = (
				ADEE4C9B2901532100C84A32 /* Base */,
			);
			name = Main.storyboard;
			sourceTree = "<group>";
		};
		ADEE4C9F2901532100C84A32 /* LaunchScreen.storyboard */ = {
			isa = PBXVariantGroup;
			children = (
				ADEE4CA02901532100C84A32 /* Base */,
			);
			name = LaunchScreen.storyboard;
			sourceTree = "<group>";
		};
/* End PBXVariantGroup section */

/* Begin XCBuildConfiguration section */
		ADEE4CA32901532100C84A32 /* Debug */ = {
			isa = XCBuildConfiguration;
			buildSettings = {
				ALWAYS_SEARCH_USER_PATHS = NO;
				CLANG_ANALYZER_NONNULL = YES;
				CLANG_ANALYZER_NUMBER_OBJECT_CONVERSION = YES_AGGRESSIVE;
				CLANG_CXX_LANGUAGE_STANDARD = "gnu++20";
				CLANG_ENABLE_MODULES = YES;
				CLANG_ENABLE_OBJC_ARC = YES;
				CLANG_ENABLE_OBJC_WEAK = YES;
				CLANG_WARN_BLOCK_CAPTURE_AUTORELEASING = YES;
				CLANG_WARN_BOOL_CONVERSION = YES;
				CLANG_WARN_COMMA = YES;
				CLANG_WARN_CONSTANT_CONVERSION = YES;
				CLANG_WARN_DEPRECATED_OBJC_IMPLEMENTATIONS = YES;
				CLANG_WARN_DIRECT_OBJC_ISA_USAGE = YES_ERROR;
				CLANG_WARN_DOCUMENTATION_COMMENTS = YES;
				CLANG_WARN_EMPTY_BODY = YES;
				CLANG_WARN_ENUM_CONVERSION = YES;
				CLANG_WARN_INFINITE_RECURSION = YES;
				CLANG_WARN_INT_CONVERSION = YES;
				CLANG_WARN_NON_LITERAL_NULL_CONVERSION = YES;
				CLANG_WARN_OBJC_IMPLICIT_RETAIN_SELF = YES;
				CLANG_WARN_OBJC_LITERAL_CONVERSION = YES;
				CLANG_WARN_OBJC_ROOT_CLASS = YES_ERROR;
				CLANG_WARN_QUOTED_INCLUDE_IN_FRAMEWORK_HEADER = YES;
				CLANG_WARN_RANGE_LOOP_ANALYSIS = YES;
				CLANG_WARN_STRICT_PROTOTYPES = YES;
				CLANG_WARN_SUSPICIOUS_MOVE = YES;
				CLANG_WARN_UNGUARDED_AVAILABILITY = YES_AGGRESSIVE;
				CLANG_WARN_UNREACHABLE_CODE = YES;
				CLANG_WARN__DUPLICATE_METHOD_MATCH = YES;
				COPY_PHASE_STRIP = NO;
				DEBUG_INFORMATION_FORMAT = dwarf;
				ENABLE_STRICT_OBJC_MSGSEND = YES;
				ENABLE_TESTABILITY = YES;
				GCC_C_LANGUAGE_STANDARD = gnu11;
				GCC_DYNAMIC_NO_PIC = NO;
				GCC_NO_COMMON_BLOCKS = YES;
				GCC_OPTIMIZATION_LEVEL = 0;
				GCC_PREPROCESSOR_DEFINITIONS = (
					"DEBUG=1",
					"$(inherited)",
				);
				GCC_WARN_64_TO_32_BIT_CONVERSION = YES;
				GCC_WARN_ABOUT_RETURN_TYPE = YES_ERROR;
				GCC_WARN_UNDECLARED_SELECTOR = YES;
				GCC_WARN_UNINITIALIZED_AUTOS = YES_AGGRESSIVE;
				GCC_WARN_UNUSED_FUNCTION = YES;
				GCC_WARN_UNUSED_VARIABLE = YES;
				IPHONEOS_DEPLOYMENT_TARGET = 13.0;
				MTL_ENABLE_DEBUG_INFO = INCLUDE_SOURCE;
				MTL_FAST_MATH = YES;
				ONLY_ACTIVE_ARCH = YES;
				SDKROOT = iphoneos;
				SWIFT_ACTIVE_COMPILATION_CONDITIONS = DEBUG;
				SWIFT_OPTIMIZATION_LEVEL = "-Onone";
			};
			name = Debug;
		};
		ADEE4CA42901532100C84A32 /* Release */ = {
			isa = XCBuildConfiguration;
			buildSettings = {
				ALWAYS_SEARCH_USER_PATHS = NO;
				CLANG_ANALYZER_NONNULL = YES;
				CLANG_ANALYZER_NUMBER_OBJECT_CONVERSION = YES_AGGRESSIVE;
				CLANG_CXX_LANGUAGE_STANDARD = "gnu++20";
				CLANG_ENABLE_MODULES = YES;
				CLANG_ENABLE_OBJC_ARC = YES;
				CLANG_ENABLE_OBJC_WEAK = YES;
				CLANG_WARN_BLOCK_CAPTURE_AUTORELEASING = YES;
				CLANG_WARN_BOOL_CONVERSION = YES;
				CLANG_WARN_COMMA = YES;
				CLANG_WARN_CONSTANT_CONVERSION = YES;
				CLANG_WARN_DEPRECATED_OBJC_IMPLEMENTATIONS = YES;
				CLANG_WARN_DIRECT_OBJC_ISA_USAGE = YES_ERROR;
				CLANG_WARN_DOCUMENTATION_COMMENTS = YES;
				CLANG_WARN_EMPTY_BODY = YES;
				CLANG_WARN_ENUM_CONVERSION = YES;
				CLANG_WARN_INFINITE_RECURSION = YES;
				CLANG_WARN_INT_CONVERSION = YES;
				CLANG_WARN_NON_LITERAL_NULL_CONVERSION = YES;
				CLANG_WARN_OBJC_IMPLICIT_RETAIN_SELF = YES;
				CLANG_WARN_OBJC_LITERAL_CONVERSION = YES;
				CLANG_WARN_OBJC_ROOT_CLASS = YES_ERROR;
				CLANG_WARN_QUOTED_INCLUDE_IN_FRAMEWORK_HEADER = YES;
				CLANG_WARN_RANGE_LOOP_ANALYSIS = YES;
				CLANG_WARN_STRICT_PROTOTYPES = YES;
				CLANG_WARN_SUSPICIOUS_MOVE = YES;
				CLANG_WARN_UNGUARDED_AVAILABILITY = YES_AGGRESSIVE;
				CLANG_WARN_UNREACHABLE_CODE = YES;
				CLANG_WARN__DUPLICATE_METHOD_MATCH = YES;
				COPY_PHASE_STRIP = NO;
				DEBUG_INFORMATION_FORMAT = "dwarf-with-dsym";
				ENABLE_NS_ASSERTIONS = NO;
				ENABLE_STRICT_OBJC_MSGSEND = YES;
				GCC_C_LANGUAGE_STANDARD = gnu11;
				GCC_NO_COMMON_BLOCKS = YES;
				GCC_WARN_64_TO_32_BIT_CONVERSION = YES;
				GCC_WARN_ABOUT_RETURN_TYPE = YES_ERROR;
				GCC_WARN_UNDECLARED_SELECTOR = YES;
				GCC_WARN_UNINITIALIZED_AUTOS = YES_AGGRESSIVE;
				GCC_WARN_UNUSED_FUNCTION = YES;
				GCC_WARN_UNUSED_VARIABLE = YES;
				IPHONEOS_DEPLOYMENT_TARGET = 13.0;
				MTL_ENABLE_DEBUG_INFO = NO;
				MTL_FAST_MATH = YES;
				SDKROOT = iphoneos;
				SWIFT_COMPILATION_MODE = wholemodule;
				SWIFT_OPTIMIZATION_LEVEL = "-O";
				VALIDATE_PRODUCT = YES;
			};
			name = Release;
		};
		ADEE4CA62901532100C84A32 /* Debug */ = {
			isa = XCBuildConfiguration;
			buildSettings = {
				ASSETCATALOG_COMPILER_APPICON_NAME = AppIcon;
				ASSETCATALOG_COMPILER_GLOBAL_ACCENT_COLOR_NAME = AccentColor;
				CODE_SIGN_STYLE = Automatic;
				CURRENT_PROJECT_VERSION = 1;
				DEVELOPMENT_TEAM = K3H55AGK36;
				GENERATE_INFOPLIST_FILE = YES;
				INFOPLIST_FILE = GPUImage4/Info.plist;
				INFOPLIST_KEY_NSCameraUsageDescription = "使用摄像头实现实时滤镜";
				INFOPLIST_KEY_UIApplicationSupportsIndirectInputEvents = YES;
				INFOPLIST_KEY_UILaunchStoryboardName = LaunchScreen;
				INFOPLIST_KEY_UIMainStoryboardFile = Main;
				INFOPLIST_KEY_UISupportedInterfaceOrientations = UIInterfaceOrientationPortrait;
				IPHONEOS_DEPLOYMENT_TARGET = 13.0;
				LD_RUNPATH_SEARCH_PATHS = (
					"$(inherited)",
					"@executable_path/Frameworks",
				);
				LIBRARY_SEARCH_PATHS = "$(PROJECT_DIR)/../target/aarch64-apple-ios/debug";
				MARKETING_VERSION = 1.0;
				PRODUCT_BUNDLE_IDENTIFIER = name.jinleili.GPUImage4.GPUImage4;
				PRODUCT_NAME = "$(TARGET_NAME)";
				SWIFT_EMIT_LOC_STRINGS = YES;
				SWIFT_OBJC_BRIDGING_HEADER = "GPUImage4/GPUImage4-Bridging-Header.h";
				SWIFT_VERSION = 5.0;
				TARGETED_DEVICE_FAMILY = "1,2";
			};
			name = Debug;
		};
		ADEE4CA72901532100C84A32 /* Release */ = {
			isa = XCBuildConfiguration;
			buildSettings = {
				ASSETCATALOG_COMPILER_APPICON_NAME = AppIcon;
				ASSETCATALOG_COMPILER_GLOBAL_ACCENT_COLOR_NAME = AccentColor;
				CODE_SIGN_STYLE = Automatic;
				CURRENT_PROJECT_VERSION = 1;
				DEVELOPMENT_TEAM = K3H55AGK36;
				GENERATE_INFOPLIST_FILE = YES;
				INFOPLIST_FILE = GPUImage4/Info.plist;
				INFOPLIST_KEY_NSCameraUsageDescription = "使用摄像头实现实时滤镜";
				INFOPLIST_KEY_UIApplicationSupportsIndirectInputEvents = YES;
				INFOPLIST_KEY_UILaunchStoryboardName = LaunchScreen;
				INFOPLIST_KEY_UIMainStoryboardFile = Main;
				INFOPLIST_KEY_UISupportedInterfaceOrientations = UIInterfaceOrientationPortrait;
				IPHONEOS_DEPLOYMENT_TARGET = 13.0;
				LD_RUNPATH_SEARCH_PATHS = (
					"$(inherited)",
					"@executable_path/Frameworks",
				);
				LIBRARY_SEARCH_PATHS = "$(PROJECT_DIR)/../target/aarch64-apple-ios/release";
				MARKETING_VERSION = 1.0;
				PRODUCT_BUNDLE_IDENTIFIER = name.jinleili.GPUImage4.GPUImage4;
				PRODUCT_NAME = "$(TARGET_NAME)";
				SWIFT_EMIT_LOC_STRINGS = YES;
				SWIFT_OBJC_BRIDGING_HEADER = "GPUImage4/GPUImage4-Bridging-Header.h";
				SWIFT_VERSION = 5.0;
				TARGETED_DEVICE_FAMILY = "1,2";
			};
			name = Release;
		};
/* End XCBuildConfiguration section */

/* Begin XCConfigurationList section */
		ADEE4C8C2901532000C84A32 /* Build configuration list for PBXProject "GPUImage4" */ = {
			isa = XCConfigurationList;
			buildConfigurations = (
				ADEE4CA32901532100C84A32 /* Debug */,
				ADEE4CA42901532100C84A32 /* Release */,
			);
			defaultConfigurationIsVisible = 0;
			defaultConfigurationName = Release;
		};
		ADEE4CA52901532100C84A32 /* Build configuration list for PBXNativeTarget "GPUImage4" */ = {
			isa = XCConfigurationList;
			buildConfigurations = (
				ADEE4CA62901532100C84A32 /* Debug */,
				ADEE4CA72901532100C84A32 /* Release */,
			);
			defaultConfigurationIsVisible = 0;
			defaultConfigurationName = Release;
		};
/* End XCConfigurationList section */
	};
	rootObject = ADEE4C892901532000C84A32 /* Project object */;
}
